
Microsoft Visual Studio Solution File, Format Version 12.00
# Visual Studio Version 17
VisualStudioVersion = 17.9.34714.143
MinimumVisualStudioVersion = 10.0.40219.1
Project("{FAE04EC0-301F-11D3-BF4B-00C04F79EFBC}") = "MyFinalExam", "MyFinalExam\MyFinalExam.csproj", "{99744580-DDDD-4F99-96BE-64C533830746}"
EndProject
Global
	GlobalSection(SolutionConfigurationPlatforms) = preSolution
		Debug|Any CPU = Debug|Any CPU
		Release|Any CPU = Release|Any CPU
	EndGlobalSection
	GlobalSection(ProjectConfigurationPlatforms) = postSolution
		{99744580-DDDD-4F99-96BE-64C533830746}.Debug|Any CPU.ActiveCfg = Debug|Any CPU
		{99744580-DDDD-4F99-96BE-64C533830746}.Debug|Any CPU.Build.0 = Debug|Any CPU
		{99744580-DDDD-4F99-96BE-64C533830746}.Release|Any CPU.ActiveCfg = Release|Any CPU
		{99744580-DDDD-4F99-96BE-64C533830746}.Release|Any CPU.Build.0 = Release|Any CPU
	EndGlobalSection
	GlobalSection(SolutionProperties) = preSolution
		HideSolutionNode = FALSE
	EndGlobalSection
	GlobalSection(ExtensibilityGlobals) = postSolution
		SolutionGuid = {A0101FDD-1493-43E6-8E8C-6A13C813F5FD}
	EndGlobalSection
EndGlobal
